
Microsoft Visual Studio Solution File, Format Version 12.00
# Visual Studio Version 16
VisualStudioVersion = 16.0.29519.87
MinimumVisualStudioVersion = 10.0.40219.1
Project("{888888A0-9F3D-457C-B088-3A5042F75D52}") = "opencv_basics", "opencv_basics.pyproj", "{CFCDD04D-F824-4BE1-BAC1-5BB8FEB9459C}"
EndProject
Global
	GlobalSection(SolutionConfigurationPlatforms) = preSolution
		Debug|Any CPU = Debug|Any CPU
		Release|Any CPU = Release|Any CPU
	EndGlobalSection
	GlobalSection(ProjectConfigurationPlatforms) = postSolution
		{CFCDD04D-F824-4BE1-BAC1-5BB8FEB9459C}.Debug|Any CPU.ActiveCfg = Debug|Any CPU
		{CFCDD04D-F824-4BE1-BAC1-5BB8FEB9459C}.Release|Any CPU.ActiveCfg = Release|Any CPU
	EndGlobalSection
	GlobalSection(SolutionProperties) = preSolution
		HideSolutionNode = FALSE
	EndGlobalSection
	GlobalSection(ExtensibilityGlobals) = postSolution
		SolutionGuid = {A9949E6D-1692-4F1B-AD20-FA562A5F3FC7}
	EndGlobalSection
EndGlobal
